
Microsoft Visual Studio Solution File, Format Version 12.00
# Visual Studio Version 16
VisualStudioVersion = 16.0.30204.135
MinimumVisualStudioVersion = 10.0.40219.1
Project("{FAE04EC0-301F-11D3-BF4B-00C04F79EFBC}") = "WpfApp1", "WpfApp1\WpfApp1.csproj", "{07F8B100-0993-44E3-8709-210512EFC89A}"
EndProject
Global
	GlobalSection(SolutionConfigurationPlatforms) = preSolution
		Debug|Any CPU = Debug|Any CPU
		Release|Any CPU = Release|Any CPU
	EndGlobalSection
	GlobalSection(ProjectConfigurationPlatforms) = postSolution
		{07F8B100-0993-44E3-8709-210512EFC89A}.Debug|Any CPU.ActiveCfg = Debug|Any CPU
		{07F8B100-0993-44E3-8709-210512EFC89A}.Debug|Any CPU.Build.0 = Debug|Any CPU
		{07F8B100-0993-44E3-8709-210512EFC89A}.Release|Any CPU.ActiveCfg = Release|Any CPU
		{07F8B100-0993-44E3-8709-210512EFC89A}.Release|Any CPU.Build.0 = Release|Any CPU
	EndGlobalSection
	GlobalSection(SolutionProperties) = preSolution
		HideSolutionNode = FALSE
	EndGlobalSection
	GlobalSection(ExtensibilityGlobals) = postSolution
		SolutionGuid = {37865023-D5E7-447C-83A4-928693FE74FA}
	EndGlobalSection
EndGlobal
